
Microsoft Visual Studio Solution File, Format Version 12.00
Project("{FAE04EC0-301F-11D3-BF4B-00C04F79EFBC}") = "LibaryManagment", "LibaryManagment\LibaryManagment.csproj", "{C6AF1039-46A1-4413-9069-447924315FB0}"
EndProject
Global
	GlobalSection(SolutionConfigurationPlatforms) = preSolution
		Debug|Any CPU = Debug|Any CPU
		Release|Any CPU = Release|Any CPU
	EndGlobalSection
	GlobalSection(ProjectConfigurationPlatforms) = postSolution
		{C6AF1039-46A1-4413-9069-447924315FB0}.Debug|Any CPU.ActiveCfg = Debug|Any CPU
		{C6AF1039-46A1-4413-9069-447924315FB0}.Debug|Any CPU.Build.0 = Debug|Any CPU
		{C6AF1039-46A1-4413-9069-447924315FB0}.Release|Any CPU.ActiveCfg = Release|Any CPU
		{C6AF1039-46A1-4413-9069-447924315FB0}.Release|Any CPU.Build.0 = Release|Any CPU
	EndGlobalSection
EndGlobal
